# THIS IS AN AUTOGENERATED FILE. DO NOT EDIT THIS FILE DIRECTLY.
# yarn lockfile v1


"@vuepress/plugin-nprogress@^1.8.2":
  version "1.8.2"
  resolved "https://registry.yarnpkg.com/@vuepress/plugin-nprogress/-/plugin-nprogress-1.8.2.tgz#dc6c082925420c8c59ecb7fc2d4a9401f6d4664a"
  integrity sha512-3TOBee2NM3WLr1tdjDTGfrAMggjN+OlEPyKyv8FqThsVkDYhw48O3HwqlThp9KX7UbL3ExxIFBwWRFLC+kYrdw==
  dependencies:
    nprogress "^0.2.0"

"@vuepress/plugin-search@^1.8.2":
  version "1.8.2"
  resolved "https://registry.yarnpkg.com/@vuepress/plugin-search/-/plugin-search-1.8.2.tgz#74b92f663acf6b4560e15dc0442a84c4e874e206"
  integrity sha512-JrSJr9o0Kar14lVtZ4wfw39pplxvvMh8vDBD9oW09a+6Zi/4bySPGdcdaqdqGW+OHSiZNvG+6uyfKSBBBqF6PA==

nprogress@^0.2.0:
  version "0.2.0"
  resolved "https://registry.yarnpkg.com/nprogress/-/nprogress-0.2.0.tgz#cb8f34c53213d895723fcbab907e9422adbcafb1"
  integrity sha1-y480xTIT2JVyP8urkH6UIq28r7E=
